{
  "name": "protoc-gen-ets",
  "lockfileVersion": 3,
  "requires": true,
  "packages": {
    "": {
      "dependencies": {
        "@lark-oh/protoc-gen-ets": "file:js/plugin"
      }
    },
    "js/plugin": {
      "version": "0.2.10",
      "license": "MIT",
      "bin": {
        "protoc-gen-ets": "main.js"
      },
      "funding": {
        "type": "individual",
        "url": "https://github.com/sponsors/thesayyn"
      }
    },
    "node_modules/@lark-oh/protoc-gen-ets": {
      "resolved": "js/plugin",
      "link": true
    }
  }
}
